// !$*UTF8*$!
{
	archiveVersion = 1;
	classes = {
	};
	objectVersion = 48;
	objects = {

/* Begin PBXBuildFile section */
		D2BF23201FCC4EA900070011 /* AppDelegate.swift in Sources */ = {isa = PBXBuildFile; fileRef = D2BF231F1FCC4EA900070011 /* AppDelegate.swift */; };
		D2BF23221FCC4EA900070011 /* Assets.xcassets in Resources */ = {isa = PBXBuildFile; fileRef = D2BF23211FCC4EA900070011 /* Assets.xcassets */; };
		D2BF23251FCC4EA900070011 /* StatusMenu.xib in Resources */ = {isa = PBXBuildFile; fileRef = D2BF23231FCC4EA900070011 /* StatusMenu.xib */; settings = {ASSET_TAGS = (ef, ); }; };
		D2BF232E1FCC534800070011 /* StatusMenuController.swift in Sources */ = {isa = PBXBuildFile; fileRef = D2BF232D1FCC534800070011 /* StatusMenuController.swift */; };
		D2BF23301FCC6AA400070011 /* Agent.swift in Sources */ = {isa = PBXBuildFile; fileRef = D2BF232F1FCC6AA400070011 /* Agent.swift */; };
		D2BF23371FCC6C6900070011 /* UserInformationCenter.swift in Sources */ = {isa = PBXBuildFile; fileRef = D2BF23361FCC6C6900070011 /* UserInformationCenter.swift */; };
/* End PBXBuildFile section */

/* Begin PBXFileReference section */
		D2BF231C1FCC4EA900070011 /* Shairport Sync Agent.app */ = {isa = PBXFileReference; explicitFileType = wrapper.application; includeInIndex = 0; path = "Shairport Sync Agent.app"; sourceTree = BUILT_PRODUCTS_DIR; };
		D2BF231F1FCC4EA900070011 /* AppDelegate.swift */ = {isa = PBXFileReference; fileEncoding = 4; lastKnownFileType = sourcecode.swift; lineEnding = 0; path = AppDelegate.swift; sourceTree = "<group>"; usesTabs = 1; };
		D2BF23211FCC4EA900070011 /* Assets.xcassets */ = {isa = PBXFileReference; lastKnownFileType = folder.assetcatalog; path = Assets.xcassets; sourceTree = "<group>"; };
		D2BF23241FCC4EA900070011 /* Base */ = {isa = PBXFileReference; lastKnownFileType = file.xib; name = Base; path = Base.lproj/StatusMenu.xib; sourceTree = "<group>"; };
		D2BF23261FCC4EA900070011 /* Info.plist */ = {isa = PBXFileReference; lastKnownFileType = text.plist.xml; path = Info.plist; sourceTree = "<group>"; };
		D2BF23271FCC4EA900070011 /* Shairport_Sync_Agent.entitlements */ = {isa = PBXFileReference; lastKnownFileType = text.plist.entitlements; path = Shairport_Sync_Agent.entitlements; sourceTree = "<group>"; };
		D2BF232D1FCC534800070011 /* StatusMenuController.swift */ = {isa = PBXFileReference; fileEncoding = 4; lastKnownFileType = sourcecode.swift; lineEnding = 0; path = StatusMenuController.swift; sourceTree = "<group>"; usesTabs = 1; };
		D2BF232F1FCC6AA400070011 /* Agent.swift */ = {isa = PBXFileReference; fileEncoding = 4; lastKnownFileType = sourcecode.swift; lineEnding = 0; path = Agent.swift; sourceTree = "<group>"; usesTabs = 1; };
		D2BF23361FCC6C6900070011 /* UserInformationCenter.swift */ = {isa = PBXFileReference; fileEncoding = 4; lastKnownFileType = sourcecode.swift; lineEnding = 0; path = UserInformationCenter.swift; sourceTree = "<group>"; usesTabs = 1; };
/* End PBXFileReference section */

/* Begin PBXFrameworksBuildPhase section */
		D2BF23191FCC4EA900070011 /* Frameworks */ = {
			isa = PBXFrameworksBuildPhase;
			buildActionMask = 2147483647;
			files = (
			);
			runOnlyForDeploymentPostprocessing = 0;
		};
/* End PBXFrameworksBuildPhase section */

/* Begin PBXGroup section */
		D2BF23131FCC4EA900070011 = {
			isa = PBXGroup;
			children = (
				D2BF231D1FCC4EA900070011 /* Products */,
				D2BF231E1FCC4EA900070011 /* Shairport Sync Agent */,
			);
			sourceTree = "<group>";
		};
		D2BF231D1FCC4EA900070011 /* Products */ = {
			isa = PBXGroup;
			children = (
				D2BF231C1FCC4EA900070011 /* Shairport Sync Agent.app */,
			);
			name = Products;
			sourceTree = "<group>";
		};
		D2BF231E1FCC4EA900070011 /* Shairport Sync Agent */ = {
			isa = PBXGroup;
			children = (
				D2BF23271FCC4EA900070011 /* Shairport_Sync_Agent.entitlements */,
				D2BF23261FCC4EA900070011 /* Info.plist */,
				D2BF232F1FCC6AA400070011 /* Agent.swift */,
				D2BF231F1FCC4EA900070011 /* AppDelegate.swift */,
				D2BF232D1FCC534800070011 /* StatusMenuController.swift */,
				D2BF23361FCC6C6900070011 /* UserInformationCenter.swift */,
				D2BF23211FCC4EA900070011 /* Assets.xcassets */,
				D2BF23231FCC4EA900070011 /* StatusMenu.xib */,
			);
			path = "Shairport Sync Agent";
			sourceTree = "<group>";
		};
/* End PBXGroup section */

/* Begin PBXNativeTarget section */
		D2BF231B1FCC4EA900070011 /* Shairport Sync Agent */ = {
			isa = PBXNativeTarget;
			buildConfigurationList = D2BF232A1FCC4EAA00070011 /* Build configuration list for PBXNativeTarget "Shairport Sync Agent" */;
			buildPhases = (
				D2BF23181FCC4EA900070011 /* Sources */,
				D2BF23191FCC4EA900070011 /* Frameworks */,
				D2BF231A1FCC4EA900070011 /* Resources */,
			);
			buildRules = (
			);
			dependencies = (
			);
			name = "Shairport Sync Agent";
			productName = "Shairport Sync Agent";
			productReference = D2BF231C1FCC4EA900070011 /* Shairport Sync Agent.app */;
			productType = "com.apple.product-type.application";
		};
/* End PBXNativeTarget section */

/* Begin PBXProject section */
		D2BF23141FCC4EA900070011 /* Project object */ = {
			isa = PBXProject;
			attributes = {
				KnownAssetTags = (
					ef,
				);
				LastSwiftUpdateCheck = 0910;
				LastUpgradeCheck = 0910;
				ORGANIZATIONNAME = "Tobias Strobel";
				TargetAttributes = {
					D2BF231B1FCC4EA900070011 = {
						CreatedOnToolsVersion = 9.1;
						ProvisioningStyle = Automatic;
					};
				};
			};
			buildConfigurationList = D2BF23171FCC4EA900070011 /* Build configuration list for PBXProject "Shairport Sync Agent" */;
			compatibilityVersion = "Xcode 8.0";
			developmentRegion = en;
			hasScannedForEncodings = 0;
			knownRegions = (
				en,
				Base,
			);
			mainGroup = D2BF23131FCC4EA900070011;
			productRefGroup = D2BF231D1FCC4EA900070011 /* Products */;
			projectDirPath = "";
			projectRoot = "";
			targets = (
				D2BF231B1FCC4EA900070011 /* Shairport Sync Agent */,
			);
		};
/* End PBXProject section */

/* Begin PBXResourcesBuildPhase section */
		D2BF231A1FCC4EA900070011 /* Resources */ = {
			isa = PBXResourcesBuildPhase;
			buildActionMask = 2147483647;
			files = (
				D2BF23221FCC4EA900070011 /* Assets.xcassets in Resources */,
				D2BF23251FCC4EA900070011 /* StatusMenu.xib in Resources */,
			);
			runOnlyForDeploymentPostprocessing = 0;
		};
/* End PBXResourcesBuildPhase section */

/* Begin PBXSourcesBuildPhase section */
		D2BF23181FCC4EA900070011 /* Sources */ = {
			isa = PBXSourcesBuildPhase;
			buildActionMask = 2147483647;
			files = (
				D2BF23371FCC6C6900070011 /* UserInformationCenter.swift in Sources */,
				D2BF23301FCC6AA400070011 /* Agent.swift in Sources */,
				D2BF232E1FCC534800070011 /* StatusMenuController.swift in Sources */,
				D2BF23201FCC4EA900070011 /* AppDelegate.swift in Sources */,
			);
			runOnlyForDeploymentPostprocessing = 0;
		};
/* End PBXSourcesBuildPhase section */

/* Begin PBXVariantGroup section */
		D2BF23231FCC4EA900070011 /* StatusMenu.xib */ = {
			isa = PBXVariantGroup;
			children = (
				D2BF23241FCC4EA900070011 /* Base */,
			);
			name = StatusMenu.xib;
			sourceTree = "<group>";
			usesTabs = 1;
		};
/* End PBXVariantGroup section */

/* Begin XCBuildConfiguration section */
		D2BF23281FCC4EAA00070011 /* Debug */ = {
			isa = XCBuildConfiguration;
			buildSettings = {
				ALWAYS_SEARCH_USER_PATHS = NO;
				CLANG_ANALYZER_NONNULL = YES;
				CLANG_ANALYZER_NUMBER_OBJECT_CONVERSION = YES_AGGRESSIVE;
				CLANG_CXX_LANGUAGE_STANDARD = "gnu++14";
				CLANG_CXX_LIBRARY = "libc++";
				CLANG_ENABLE_MODULES = YES;
				CLANG_ENABLE_OBJC_ARC = YES;
				CLANG_WARN_BLOCK_CAPTURE_AUTORELEASING = YES;
				CLANG_WARN_BOOL_CONVERSION = YES;
				CLANG_WARN_COMMA = YES;
				CLANG_WARN_CONSTANT_CONVERSION = YES;
				CLANG_WARN_DIRECT_OBJC_ISA_USAGE = YES_ERROR;
				CLANG_WARN_DOCUMENTATION_COMMENTS = YES;
				CLANG_WARN_EMPTY_BODY = YES;
				CLANG_WARN_ENUM_CONVERSION = YES;
				CLANG_WARN_INFINITE_RECURSION = YES;
				CLANG_WARN_INT_CONVERSION = YES;
				CLANG_WARN_NON_LITERAL_NULL_CONVERSION = YES;
				CLANG_WARN_OBJC_LITERAL_CONVERSION = YES;
				CLANG_WARN_OBJC_ROOT_CLASS = YES_ERROR;
				CLANG_WARN_RANGE_LOOP_ANALYSIS = YES;
				CLANG_WARN_STRICT_PROTOTYPES = YES;
				CLANG_WARN_SUSPICIOUS_MOVE = YES;
				CLANG_WARN_UNGUARDED_AVAILABILITY = YES_AGGRESSIVE;
				CLANG_WARN_UNREACHABLE_CODE = YES;
				CLANG_WARN__DUPLICATE_METHOD_MATCH = YES;
				CODE_SIGN_IDENTITY = "-";
				COPY_PHASE_STRIP = NO;
				DEBUG_INFORMATION_FORMAT = dwarf;
				ENABLE_STRICT_OBJC_MSGSEND = YES;
				ENABLE_TESTABILITY = YES;
				GCC_C_LANGUAGE_STANDARD = gnu11;
				GCC_DYNAMIC_NO_PIC = NO;
				GCC_NO_COMMON_BLOCKS = YES;
				GCC_OPTIMIZATION_LEVEL = 0;
				GCC_PREPROCESSOR_DEFINITIONS = (
					"DEBUG=1",
					"$(inherited)",
				);
				GCC_WARN_64_TO_32_BIT_CONVERSION = YES;
				GCC_WARN_ABOUT_RETURN_TYPE = YES_ERROR;
				GCC_WARN_UNDECLARED_SELECTOR = YES;
				GCC_WARN_UNINITIALIZED_AUTOS = YES_AGGRESSIVE;
				GCC_WARN_UNUSED_FUNCTION = YES;
				GCC_WARN_UNUSED_VARIABLE = YES;
				MACOSX_DEPLOYMENT_TARGET = 10.13;
				MTL_ENABLE_DEBUG_INFO = YES;
				ONLY_ACTIVE_ARCH = YES;
				SDKROOT = macosx;
				SWIFT_ACTIVE_COMPILATION_CONDITIONS = DEBUG;
				SWIFT_OPTIMIZATION_LEVEL = "-Onone";
			};
			name = Debug;
		};
		D2BF23291FCC4EAA00070011 /* Release */ = {
			isa = XCBuildConfiguration;
			buildSettings = {
				ALWAYS_SEARCH_USER_PATHS = NO;
				CLANG_ANALYZER_NONNULL = YES;
				CLANG_ANALYZER_NUMBER_OBJECT_CONVERSION = YES_AGGRESSIVE;
				CLANG_CXX_LANGUAGE_STANDARD = "gnu++14";
				CLANG_CXX_LIBRARY = "libc++";
				CLANG_ENABLE_MODULES = YES;
				CLANG_ENABLE_OBJC_ARC = YES;
				CLANG_WARN_BLOCK_CAPTURE_AUTORELEASING = YES;
				CLANG_WARN_BOOL_CONVERSION = YES;
				CLANG_WARN_COMMA = YES;
				CLANG_WARN_CONSTANT_CONVERSION = YES;
				CLANG_WARN_DIRECT_OBJC_ISA_USAGE = YES_ERROR;
				CLANG_WARN_DOCUMENTATION_COMMENTS = YES;
				CLANG_WARN_EMPTY_BODY = YES;
				CLANG_WARN_ENUM_CONVERSION = YES;
				CLANG_WARN_INFINITE_RECURSION = YES;
				CLANG_WARN_INT_CONVERSION = YES;
				CLANG_WARN_NON_LITERAL_NULL_CONVERSION = YES;
				CLANG_WARN_OBJC_LITERAL_CONVERSION = YES;
				CLANG_WARN_OBJC_ROOT_CLASS = YES_ERROR;
				CLANG_WARN_RANGE_LOOP_ANALYSIS = YES;
				CLANG_WARN_STRICT_PROTOTYPES = YES;
				CLANG_WARN_SUSPICIOUS_MOVE = YES;
				CLANG_WARN_UNGUARDED_AVAILABILITY = YES_AGGRESSIVE;
				CLANG_WARN_UNREACHABLE_CODE = YES;
				CLANG_WARN__DUPLICATE_METHOD_MATCH = YES;
				CODE_SIGN_IDENTITY = "-";
				COPY_PHASE_STRIP = NO;
				DEBUG_INFORMATION_FORMAT = "dwarf-with-dsym";
				ENABLE_NS_ASSERTIONS = NO;
				ENABLE_STRICT_OBJC_MSGSEND = YES;
				GCC_C_LANGUAGE_STANDARD = gnu11;
				GCC_NO_COMMON_BLOCKS = YES;
				GCC_WARN_64_TO_32_BIT_CONVERSION = YES;
				GCC_WARN_ABOUT_RETURN_TYPE = YES_ERROR;
				GCC_WARN_UNDECLARED_SELECTOR = YES;
				GCC_WARN_UNINITIALIZED_AUTOS = YES_AGGRESSIVE;
				GCC_WARN_UNUSED_FUNCTION = YES;
				GCC_WARN_UNUSED_VARIABLE = YES;
				MACOSX_DEPLOYMENT_TARGET = 10.13;
				MTL_ENABLE_DEBUG_INFO = NO;
				SDKROOT = macosx;
				SWIFT_OPTIMIZATION_LEVEL = "-Owholemodule";
			};
			name = Release;
		};
		D2BF232B1FCC4EAA00070011 /* Debug */ = {
			isa = XCBuildConfiguration;
			buildSettings = {
				ASSETCATALOG_COMPILER_APPICON_NAME = "Air Receiver Application Icon";
				CODE_SIGN_ENTITLEMENTS = "Shairport Sync Agent/Shairport_Sync_Agent.entitlements";
				CODE_SIGN_STYLE = Automatic;
				COMBINE_HIDPI_IMAGES = YES;
				INFOPLIST_FILE = "Shairport Sync Agent/Info.plist";
				LD_RUNPATH_SEARCH_PATHS = "$(inherited) @executable_path/../Frameworks";
				PRODUCT_BUNDLE_IDENTIFIER = "de.tobx.Shairport-Sync-Agent";
				PRODUCT_NAME = "$(TARGET_NAME)";
				SWIFT_VERSION = 4.0;
			};
			name = Debug;
		};
		D2BF232C1FCC4EAA00070011 /* Release */ = {
			isa = XCBuildConfiguration;
			buildSettings = {
				ASSETCATALOG_COMPILER_APPICON_NAME = "Air Receiver Application Icon";
				CODE_SIGN_ENTITLEMENTS = "Shairport Sync Agent/Shairport_Sync_Agent.entitlements";
				CODE_SIGN_STYLE = Automatic;
				COMBINE_HIDPI_IMAGES = YES;
				INFOPLIST_FILE = "Shairport Sync Agent/Info.plist";
				LD_RUNPATH_SEARCH_PATHS = "$(inherited) @executable_path/../Frameworks";
				PRODUCT_BUNDLE_IDENTIFIER = "de.tobx.Shairport-Sync-Agent";
				PRODUCT_NAME = "$(TARGET_NAME)";
				SWIFT_VERSION = 4.0;
			};
			name = Release;
		};
/* End XCBuildConfiguration section */

/* Begin XCConfigurationList section */
		D2BF23171FCC4EA900070011 /* Build configuration list for PBXProject "Shairport Sync Agent" */ = {
			isa = XCConfigurationList;
			buildConfigurations = (
				D2BF23281FCC4EAA00070011 /* Debug */,
				D2BF23291FCC4EAA00070011 /* Release */,
			);
			defaultConfigurationIsVisible = 0;
			defaultConfigurationName = Release;
		};
		D2BF232A1FCC4EAA00070011 /* Build configuration list for PBXNativeTarget "Shairport Sync Agent" */ = {
			isa = XCConfigurationList;
			buildConfigurations = (
				D2BF232B1FCC4EAA00070011 /* Debug */,
				D2BF232C1FCC4EAA00070011 /* Release */,
			);
			defaultConfigurationIsVisible = 0;
			defaultConfigurationName = Release;
		};
/* End XCConfigurationList section */
	};
	rootObject = D2BF23141FCC4EA900070011 /* Project object */;
}
